{
  "requires": true,
  "lockfileVersion": 1,
  "dependencies": {
    "talkify-tts": {
      "version": "3.7.0",
      "resolved": "https://registry.npmjs.org/talkify-tts/-/talkify-tts-3.7.0.tgz",
      "integrity": "sha512-Nw7h5xfJ8XTih3FOsPsAUZfhuikNrxvWkE/Ex8BaEy8QuVGLbzj+s97OMggsf+eW4BBYEcR/kIOJpbbjnzJdRg=="
    }
  }
}
